
Microsoft Visual Studio Solution File, Format Version 12.00
# Visual Studio 15
VisualStudioVersion = 15.0.28307.421
MinimumVisualStudioVersion = 10.0.40219.1
Project("{FAE04EC0-301F-11D3-BF4B-00C04F79EFBC}") = "Projekt", "Projekt\Projekt.csproj", "{DAD13018-302C-4298-B74F-90ED8B071BA7}"
EndProject
Global
	GlobalSection(SolutionConfigurationPlatforms) = preSolution
		Debug|Any CPU = Debug|Any CPU
		Release|Any CPU = Release|Any CPU
	EndGlobalSection
	GlobalSection(ProjectConfigurationPlatforms) = postSolution
		{DAD13018-302C-4298-B74F-90ED8B071BA7}.Debug|Any CPU.ActiveCfg = Debug|Any CPU
		{DAD13018-302C-4298-B74F-90ED8B071BA7}.Debug|Any CPU.Build.0 = Debug|Any CPU
		{DAD13018-302C-4298-B74F-90ED8B071BA7}.Release|Any CPU.ActiveCfg = Release|Any CPU
		{DAD13018-302C-4298-B74F-90ED8B071BA7}.Release|Any CPU.Build.0 = Release|Any CPU
	EndGlobalSection
	GlobalSection(SolutionProperties) = preSolution
		HideSolutionNode = FALSE
	EndGlobalSection
	GlobalSection(ExtensibilityGlobals) = postSolution
		SolutionGuid = {65452E22-D736-4C81-9D3F-12E606715652}
	EndGlobalSection
EndGlobal
