
Microsoft Visual Studio Solution File, Format Version 12.00
# Visual Studio 15
VisualStudioVersion = 15.0.28307.421
MinimumVisualStudioVersion = 10.0.40219.1
Project("{FAE04EC0-301F-11D3-BF4B-00C04F79EFBC}") = "GraMonolitycznie", "GraMonolitycznie\GraMonolitycznie.csproj", "{8DFFD83F-C10D-4127-98E3-BEC264D11C74}"
EndProject
Project("{FAE04EC0-301F-11D3-BF4B-00C04F79EFBC}") = "GraProceduralnie", "GraProceduralnie\GraProceduralnie.csproj", "{3CB7BC24-5DC4-4EA8-91B9-90AC849FC346}"
EndProject
Global
	GlobalSection(SolutionConfigurationPlatforms) = preSolution
		Debug|Any CPU = Debug|Any CPU
		Release|Any CPU = Release|Any CPU
	EndGlobalSection
	GlobalSection(ProjectConfigurationPlatforms) = postSolution
		{8DFFD83F-C10D-4127-98E3-BEC264D11C74}.Debug|Any CPU.ActiveCfg = Debug|Any CPU
		{8DFFD83F-C10D-4127-98E3-BEC264D11C74}.Debug|Any CPU.Build.0 = Debug|Any CPU
		{8DFFD83F-C10D-4127-98E3-BEC264D11C74}.Release|Any CPU.ActiveCfg = Release|Any CPU
		{8DFFD83F-C10D-4127-98E3-BEC264D11C74}.Release|Any CPU.Build.0 = Release|Any CPU
		{3CB7BC24-5DC4-4EA8-91B9-90AC849FC346}.Debug|Any CPU.ActiveCfg = Debug|Any CPU
		{3CB7BC24-5DC4-4EA8-91B9-90AC849FC346}.Debug|Any CPU.Build.0 = Debug|Any CPU
		{3CB7BC24-5DC4-4EA8-91B9-90AC849FC346}.Release|Any CPU.ActiveCfg = Release|Any CPU
		{3CB7BC24-5DC4-4EA8-91B9-90AC849FC346}.Release|Any CPU.Build.0 = Release|Any CPU
	EndGlobalSection
	GlobalSection(SolutionProperties) = preSolution
		HideSolutionNode = FALSE
	EndGlobalSection
	GlobalSection(ExtensibilityGlobals) = postSolution
		SolutionGuid = {7C591198-946B-4265-818F-90B17F69D4AA}
	EndGlobalSection
EndGlobal
